
Microsoft Visual Studio Solution File, Format Version 12.00
# Visual Studio Version 16
VisualStudioVersion = 16.0.33130.400
MinimumVisualStudioVersion = 10.0.40219.1
Project("{FAE04EC0-301F-11D3-BF4B-00C04F79EFBC}") = "NUnit_B2_CT_43", "NUnit_B2_CT_43\NUnit_B2_CT_43.csproj", "{EDEC812F-DDED-4462-AF21-BB2206CFE37A}"
EndProject
Global
	GlobalSection(SolutionConfigurationPlatforms) = preSolution
		Debug|Any CPU = Debug|Any CPU
		Release|Any CPU = Release|Any CPU
	EndGlobalSection
	GlobalSection(ProjectConfigurationPlatforms) = postSolution
		{EDEC812F-DDED-4462-AF21-BB2206CFE37A}.Debug|Any CPU.ActiveCfg = Debug|Any CPU
		{EDEC812F-DDED-4462-AF21-BB2206CFE37A}.Debug|Any CPU.Build.0 = Debug|Any CPU
		{EDEC812F-DDED-4462-AF21-BB2206CFE37A}.Release|Any CPU.ActiveCfg = Release|Any CPU
		{EDEC812F-DDED-4462-AF21-BB2206CFE37A}.Release|Any CPU.Build.0 = Release|Any CPU
	EndGlobalSection
	GlobalSection(SolutionProperties) = preSolution
		HideSolutionNode = FALSE
	EndGlobalSection
	GlobalSection(ExtensibilityGlobals) = postSolution
		SolutionGuid = {83ABC3A7-68F6-4FB9-AC45-CBB7211CE643}
	EndGlobalSection
EndGlobal
