
Microsoft Visual Studio Solution File, Format Version 12.00
# Visual Studio Version 16
VisualStudioVersion = 16.0.33130.400
MinimumVisualStudioVersion = 10.0.40219.1
Project("{FAE04EC0-301F-11D3-BF4B-00C04F79EFBC}") = "UNitTest_CT_43", "UNitTest_CT_43\UNitTest_CT_43.csproj", "{A40E7138-9A1F-4A2C-ABA5-FB17131A3DD4}"
EndProject
Project("{FAE04EC0-301F-11D3-BF4B-00C04F79EFBC}") = "CalcTest_CT_43", "CalcTest_CT_43\CalcTest_CT_43.csproj", "{E7ED4007-F0EB-4E5C-BD8B-2D5BEA8D6462}"
EndProject
Global
	GlobalSection(SolutionConfigurationPlatforms) = preSolution
		Debug|Any CPU = Debug|Any CPU
		Release|Any CPU = Release|Any CPU
	EndGlobalSection
	GlobalSection(ProjectConfigurationPlatforms) = postSolution
		{A40E7138-9A1F-4A2C-ABA5-FB17131A3DD4}.Debug|Any CPU.ActiveCfg = Debug|Any CPU
		{A40E7138-9A1F-4A2C-ABA5-FB17131A3DD4}.Debug|Any CPU.Build.0 = Debug|Any CPU
		{A40E7138-9A1F-4A2C-ABA5-FB17131A3DD4}.Release|Any CPU.ActiveCfg = Release|Any CPU
		{A40E7138-9A1F-4A2C-ABA5-FB17131A3DD4}.Release|Any CPU.Build.0 = Release|Any CPU
		{E7ED4007-F0EB-4E5C-BD8B-2D5BEA8D6462}.Debug|Any CPU.ActiveCfg = Debug|Any CPU
		{E7ED4007-F0EB-4E5C-BD8B-2D5BEA8D6462}.Debug|Any CPU.Build.0 = Debug|Any CPU
		{E7ED4007-F0EB-4E5C-BD8B-2D5BEA8D6462}.Release|Any CPU.ActiveCfg = Release|Any CPU
		{E7ED4007-F0EB-4E5C-BD8B-2D5BEA8D6462}.Release|Any CPU.Build.0 = Release|Any CPU
	EndGlobalSection
	GlobalSection(SolutionProperties) = preSolution
		HideSolutionNode = FALSE
	EndGlobalSection
	GlobalSection(ExtensibilityGlobals) = postSolution
		SolutionGuid = {83D64DEA-8242-4EE9-A0D1-CBC20B41ACBE}
	EndGlobalSection
EndGlobal
